PODS:
  - boost (1.76.0)
  - DoubleConversion (1.1.6)
  - FBLazyVector (0.71.0)
  - FBReactNativeSpec (0.71.0):
    - RCT-Folly (= 2021.07.22.00)
    - RCTRequired (= 0.71.0)
    - RCTTypeSafety (= 0.71.0)
    - React-Core (= 0.71.0)
    - React-jsi (= 0.71.0)
    - ReactCommon/turbomodule/core (= 0.71.0)
  - fmt (6.2.1)
  - glog (0.3.5)
  - RCT-Folly (2021.07.22.00):
    - boost
    - DoubleConversion
    - fmt (~> 6.2.1)
    - glog
    - RCT-Folly/Default (= 2021.07.22.00)
  - RCT-Folly/Default (2021.07.22.00):
    - boost
    - DoubleConversion
    - fmt (~> 6.2.1)
    - glog
  - RCTRequired (0.71.0)
  - RCTTypeSafety (0.71.0):
    - FBLazyVector (= 0.71.0)
    - RCTRequired (= 0.71.0)
    - React-Core (= 0.71.0)
  - React (0.71.0):
    - React-Core (= 0.71.0)
    - React-Core/DevSupport (= 0.71.0)
    - React-Core/RCTWebSocket (= 0.71.0)
    - React-RCTActionSheet (= 0.71.0)
    - React-RCTAnimation (= 0.71.0)
    - React-RCTBlob (= 0.71.0)
    - React-RCTImage (= 0.71.0)
    - React-RCTLinking (= 0.71.0)
    - React-RCTNetwork (= 0.71.0)
    - React-RCTSettings (= 0.71.0)
    - React-RCTText (= 0.71.0)
    - React-RCTVibration (= 0.71.0)
  - React-callinvoker (0.71.0)
  - React-Codegen (0.71.0):
    - FBReactNativeSpec
    - RCT-Folly
    - RCTRequired
    - RCTTypeSafety
    - React-Core
    - React-jsc
    - React-jsi
    - React-jsiexecutor
    - ReactCommon/turbomodule/bridging
    - ReactCommon/turbomodule/core
  - React-Core (0.71.0):
    - glog
    - RCT-Folly (= 2021.07.22.00)
    - React-Core/Default (= 0.71.0)
    - React-cxxreact (= 0.71.0)
    - React-jsc
    - React-jsi (= 0.71.0)
    - React-jsiexecutor (= 0.71.0)
    - React-perflogger (= 0.71.0)
    - SocketRocket (= 0.6.0)
    - Yoga
  - React-Core/CoreModulesHeaders (0.71.0):
    - glog
    - RCT-Folly (= 2021.07.22.00)
    - React-Core/Default
    - React-cxxreact (= 0.71.0)
    - React-jsc
    - React-jsi (= 0.71.0)
    - React-jsiexecutor (= 0.71.0)
    - React-perflogger (= 0.71.0)
    - SocketRocket (= 0.6.0)
    - Yoga
  - React-Core/Default (0.71.0):
    - glog
    - RCT-Folly (= 2021.07.22.00)
    - React-cxxreact (= 0.71.0)
    - React-jsc
    - React-jsi (= 0.71.0)
    - React-jsiexecutor (= 0.71.0)
    - React-perflogger (= 0.71.0)
    - SocketRocket (= 0.6.0)
    - Yoga
  - React-Core/DevSupport (0.71.0):
    - glog
    - RCT-Folly (= 2021.07.22.00)
    - React-Core/Default (= 0.71.0)
    - React-Core/RCTWebSocket (= 0.71.0)
    - React-cxxreact (= 0.71.0)
    - React-jsc
    - React-jsi (= 0.71.0)
    - React-jsiexecutor (= 0.71.0)
    - React-jsinspector (= 0.71.0)
    - React-perflogger (= 0.71.0)
    - SocketRocket (= 0.6.0)
    - Yoga
  - React-Core/RCTActionSheetHeaders (0.71.0):
    - glog
    - RCT-Folly (= 2021.07.22.00)
    - React-Core/Default
    - React-cxxreact (= 0.71.0)
    - React-jsc
    - React-jsi (= 0.71.0)
    - React-jsiexecutor (= 0.71.0)
    - React-perflogger (= 0.71.0)
    - SocketRocket (= 0.6.0)
    - Yoga
  - React-Core/RCTAnimationHeaders (0.71.0):
    - glog
    - RCT-Folly (= 2021.07.22.00)
    - React-Core/Default
    - React-cxxreact (= 0.71.0)
    - React-jsc
    - React-jsi (= 0.71.0)
    - React-jsiexecutor (= 0.71.0)
    - React-perflogger (= 0.71.0)
    - SocketRocket (= 0.6.0)
    - Yoga
  - React-Core/RCTBlobHeaders (0.71.0):
    - glog
    - RCT-Folly (= 2021.07.22.00)
    - React-Core/Default
    - React-cxxreact (= 0.71.0)
    - React-jsc
    - React-jsi (= 0.71.0)
    - React-jsiexecutor (= 0.71.0)
    - React-perflogger (= 0.71.0)
    - SocketRocket (= 0.6.0)
    - Yoga
  - React-Core/RCTImageHeaders (0.71.0):
    - glog
    - RCT-Folly (= 2021.07.22.00)
    - React-Core/Default
    - React-cxxreact (= 0.71.0)
    - React-jsc
    - React-jsi (= 0.71.0)
    - React-jsiexecutor (= 0.71.0)
    - React-perflogger (= 0.71.0)
    - SocketRocket (= 0.6.0)
    - Yoga
  - React-Core/RCTLinkingHeaders (0.71.0):
    - glog
    - RCT-Folly (= 2021.07.22.00)
    - React-Core/Default
    - React-cxxreact (= 0.71.0)
    - React-jsc
    - React-jsi (= 0.71.0)
    - React-jsiexecutor (= 0.71.0)
    - React-perflogger (= 0.71.0)
    - SocketRocket (= 0.6.0)
    - Yoga
  - React-Core/RCTNetworkHeaders (0.71.0):
    - glog
    - RCT-Folly (= 2021.07.22.00)
    - React-Core/Default
    - React-cxxreact (= 0.71.0)
    - React-jsc
    - React-jsi (= 0.71.0)
    - React-jsiexecutor (= 0.71.0)
    - React-perflogger (= 0.71.0)
    - SocketRocket (= 0.6.0)
    - Yoga
  - React-Core/RCTSettingsHeaders (0.71.0):
    - glog
    - RCT-Folly (= 2021.07.22.00)
    - React-Core/Default
    - React-cxxreact (= 0.71.0)
    - React-jsc
    - React-jsi (= 0.71.0)
    - React-jsiexecutor (= 0.71.0)
    - React-perflogger (= 0.71.0)
    - SocketRocket (= 0.6.0)
    - Yoga
  - React-Core/RCTTextHeaders (0.71.0):
    - glog
    - RCT-Folly (= 2021.07.22.00)
    - React-Core/Default
    - React-cxxreact (= 0.71.0)
    - React-jsc
    - React-jsi (= 0.71.0)
    - React-jsiexecutor (= 0.71.0)
    - React-perflogger (= 0.71.0)
    - SocketRocket (= 0.6.0)
    - Yoga
  - React-Core/RCTVibrationHeaders (0.71.0):
    - glog
    - RCT-Folly (= 2021.07.22.00)
    - React-Core/Default
    - React-cxxreact (= 0.71.0)
    - React-jsc
    - React-jsi (= 0.71.0)
    - React-jsiexecutor (= 0.71.0)
    - React-perflogger (= 0.71.0)
    - SocketRocket (= 0.6.0)
    - Yoga
  - React-Core/RCTWebSocket (0.71.0):
    - glog
    - RCT-Folly (= 2021.07.22.00)
    - React-Core/Default (= 0.71.0)
    - React-cxxreact (= 0.71.0)
    - React-jsc
    - React-jsi (= 0.71.0)
    - React-jsiexecutor (= 0.71.0)
    - React-perflogger (= 0.71.0)
    - SocketRocket (= 0.6.0)
    - Yoga
  - React-CoreModules (0.71.0):
    - RCT-Folly (= 2021.07.22.00)
    - RCTTypeSafety (= 0.71.0)
    - React-Codegen (= 0.71.0)
    - React-Core/CoreModulesHeaders (= 0.71.0)
    - React-jsi (= 0.71.0)
    - React-RCTBlob
    - React-RCTImage (= 0.71.0)
    - ReactCommon/turbomodule/core (= 0.71.0)
    - SocketRocket (= 0.6.0)
  - React-cxxreact (0.71.0):
    - boost (= 1.76.0)
    - DoubleConversion
    - glog
    - RCT-Folly (= 2021.07.22.00)
    - React-callinvoker (= 0.71.0)
    - React-jsi (= 0.71.0)
    - React-jsinspector (= 0.71.0)
    - React-logger (= 0.71.0)
    - React-perflogger (= 0.71.0)
    - React-runtimeexecutor (= 0.71.0)
  - React-jsc (0.71.0):
    - React-jsc/Fabric (= 0.71.0)
    - React-jsi (= 0.71.0)
  - React-jsc/Fabric (0.71.0):
    - React-jsi (= 0.71.0)
  - React-jsi (0.71.0):
    - boost (= 1.76.0)
    - DoubleConversion
    - glog
    - RCT-Folly (= 2021.07.22.00)
  - React-jsiexecutor (0.71.0):
    - DoubleConversion
    - glog
    - RCT-Folly (= 2021.07.22.00)
    - React-cxxreact (= 0.71.0)
    - React-jsi (= 0.71.0)
    - React-perflogger (= 0.71.0)
  - React-jsinspector (0.71.0)
  - React-logger (0.71.0):
    - glog
  - react-native-webview (11.26.1):
    - React-Core
  - React-perflogger (0.71.0)
  - React-RCTActionSheet (0.71.0):
    - React-Core/RCTActionSheetHeaders (= 0.71.0)
  - React-RCTAnimation (0.71.0):
    - RCT-Folly (= 2021.07.22.00)
    - RCTTypeSafety (= 0.71.0)
    - React-Codegen (= 0.71.0)
    - React-Core/RCTAnimationHeaders (= 0.71.0)
    - React-jsi (= 0.71.0)
    - ReactCommon/turbomodule/core (= 0.71.0)
  - React-RCTAppDelegate (0.71.0):
    - RCT-Folly
    - RCTRequired
    - RCTTypeSafety
    - React-Core
    - ReactCommon/turbomodule/core
  - React-RCTBlob (0.71.0):
    - RCT-Folly (= 2021.07.22.00)
    - React-Codegen (= 0.71.0)
    - React-Core/RCTBlobHeaders (= 0.71.0)
    - React-Core/RCTWebSocket (= 0.71.0)
    - React-jsi (= 0.71.0)
    - React-RCTNetwork (= 0.71.0)
    - ReactCommon/turbomodule/core (= 0.71.0)
  - React-RCTImage (0.71.0):
    - RCT-Folly (= 2021.07.22.00)
    - RCTTypeSafety (= 0.71.0)
    - React-Codegen (= 0.71.0)
    - React-Core/RCTImageHeaders (= 0.71.0)
    - React-jsi (= 0.71.0)
    - React-RCTNetwork (= 0.71.0)
    - ReactCommon/turbomodule/core (= 0.71.0)
  - React-RCTLinking (0.71.0):
    - React-Codegen (= 0.71.0)
    - React-Core/RCTLinkingHeaders (= 0.71.0)
    - React-jsi (= 0.71.0)
    - ReactCommon/turbomodule/core (= 0.71.0)
  - React-RCTNetwork (0.71.0):
    - RCT-Folly (= 2021.07.22.00)
    - RCTTypeSafety (= 0.71.0)
    - React-Codegen (= 0.71.0)
    - React-Core/RCTNetworkHeaders (= 0.71.0)
    - React-jsi (= 0.71.0)
    - ReactCommon/turbomodule/core (= 0.71.0)
  - React-RCTSettings (0.71.0):
    - RCT-Folly (= 2021.07.22.00)
    - RCTTypeSafety (= 0.71.0)
    - React-Codegen (= 0.71.0)
    - React-Core/RCTSettingsHeaders (= 0.71.0)
    - React-jsi (= 0.71.0)
    - ReactCommon/turbomodule/core (= 0.71.0)
  - React-RCTText (0.71.0):
    - React-Core/RCTTextHeaders (= 0.71.0)
  - React-RCTVibration (0.71.0):
    - RCT-Folly (= 2021.07.22.00)
    - React-Codegen (= 0.71.0)
    - React-Core/RCTVibrationHeaders (= 0.71.0)
    - React-jsi (= 0.71.0)
    - ReactCommon/turbomodule/core (= 0.71.0)
  - React-runtimeexecutor (0.71.0):
    - React-jsi (= 0.71.0)
  - ReactCommon/turbomodule/bridging (0.71.0):
    - DoubleConversion
    - glog
    - RCT-Folly (= 2021.07.22.00)
    - React-callinvoker (= 0.71.0)
    - React-Core (= 0.71.0)
    - React-cxxreact (= 0.71.0)
    - React-jsi (= 0.71.0)
    - React-logger (= 0.71.0)
    - React-perflogger (= 0.71.0)
  - ReactCommon/turbomodule/core (0.71.0):
    - DoubleConversion
    - glog
    - RCT-Folly (= 2021.07.22.00)
    - React-callinvoker (= 0.71.0)
    - React-Core (= 0.71.0)
    - React-cxxreact (= 0.71.0)
    - React-jsi (= 0.71.0)
    - React-logger (= 0.71.0)
    - React-perflogger (= 0.71.0)
  - SocketRocket (0.6.0)
  - Yoga (1.14.0)

DEPENDENCIES:
  - boost (from `./local-podspecs/boost.podspec`)
  - DoubleConversion (from `../node_modules/react-native-macos/third-party-podspecs/DoubleConversion.podspec`)
  - FBLazyVector (from `../node_modules/react-native-macos/Libraries/FBLazyVector`)
  - FBReactNativeSpec (from `../node_modules/react-native-macos/React/FBReactNativeSpec`)
  - glog (from `../node_modules/react-native-macos/third-party-podspecs/glog.podspec`)
  - RCT-Folly (from `../node_modules/react-native-macos/third-party-podspecs/RCT-Folly.podspec`)
  - RCTRequired (from `../node_modules/react-native-macos/Libraries/RCTRequired`)
  - RCTTypeSafety (from `../node_modules/react-native-macos/Libraries/TypeSafety`)
  - React (from `../node_modules/react-native-macos/`)
  - React-callinvoker (from `../node_modules/react-native-macos/ReactCommon/callinvoker`)
  - React-Codegen (from `build/generated/ios`)
  - React-Core (from `../node_modules/react-native-macos/`)
  - React-Core/RCTWebSocket (from `../node_modules/react-native-macos/`)
  - React-CoreModules (from `../node_modules/react-native-macos/React/CoreModules`)
  - React-cxxreact (from `../node_modules/react-native-macos/ReactCommon/cxxreact`)
  - React-jsc (from `../node_modules/react-native-macos/ReactCommon/jsc`)
  - React-jsi (from `../node_modules/react-native-macos/ReactCommon/jsi`)
  - React-jsiexecutor (from `../node_modules/react-native-macos/ReactCommon/jsiexecutor`)
  - React-jsinspector (from `../node_modules/react-native-macos/ReactCommon/jsinspector`)
  - React-logger (from `../node_modules/react-native-macos/ReactCommon/logger`)
  - react-native-webview (from `../node_modules/react-native-webview`)
  - React-perflogger (from `../node_modules/react-native-macos/ReactCommon/reactperflogger`)
  - React-RCTActionSheet (from `../node_modules/react-native-macos/Libraries/ActionSheetIOS`)
  - React-RCTAnimation (from `../node_modules/react-native-macos/Libraries/NativeAnimation`)
  - React-RCTAppDelegate (from `../node_modules/react-native-macos/Libraries/AppDelegate`)
  - React-RCTBlob (from `../node_modules/react-native-macos/Libraries/Blob`)
  - React-RCTImage (from `../node_modules/react-native-macos/Libraries/Image`)
  - React-RCTLinking (from `../node_modules/react-native-macos/Libraries/LinkingIOS`)
  - React-RCTNetwork (from `../node_modules/react-native-macos/Libraries/Network`)
  - React-RCTSettings (from `../node_modules/react-native-macos/Libraries/Settings`)
  - React-RCTText (from `../node_modules/react-native-macos/Libraries/Text`)
  - React-RCTVibration (from `../node_modules/react-native-macos/Libraries/Vibration`)
  - React-runtimeexecutor (from `../node_modules/react-native-macos/ReactCommon/runtimeexecutor`)
  - ReactCommon/turbomodule/core (from `../node_modules/react-native-macos/ReactCommon`)
  - Yoga (from `../node_modules/react-native-macos/ReactCommon/yoga`)

SPEC REPOS:
  trunk:
    - fmt
    - SocketRocket

EXTERNAL SOURCES:
  boost:
    :podspec: "./local-podspecs/boost.podspec"
  DoubleConversion:
    :podspec: "../node_modules/react-native-macos/third-party-podspecs/DoubleConversion.podspec"
  FBLazyVector:
    :path: "../node_modules/react-native-macos/Libraries/FBLazyVector"
  FBReactNativeSpec:
    :path: "../node_modules/react-native-macos/React/FBReactNativeSpec"
  glog:
    :podspec: "../node_modules/react-native-macos/third-party-podspecs/glog.podspec"
  RCT-Folly:
    :podspec: "../node_modules/react-native-macos/third-party-podspecs/RCT-Folly.podspec"
  RCTRequired:
    :path: "../node_modules/react-native-macos/Libraries/RCTRequired"
  RCTTypeSafety:
    :path: "../node_modules/react-native-macos/Libraries/TypeSafety"
  React:
    :path: "../node_modules/react-native-macos/"
  React-callinvoker:
    :path: "../node_modules/react-native-macos/ReactCommon/callinvoker"
  React-Codegen:
    :path: build/generated/ios
  React-Core:
    :path: "../node_modules/react-native-macos/"
  React-CoreModules:
    :path: "../node_modules/react-native-macos/React/CoreModules"
  React-cxxreact:
    :path: "../node_modules/react-native-macos/ReactCommon/cxxreact"
  React-jsc:
    :path: "../node_modules/react-native-macos/ReactCommon/jsc"
  React-jsi:
    :path: "../node_modules/react-native-macos/ReactCommon/jsi"
  React-jsiexecutor:
    :path: "../node_modules/react-native-macos/ReactCommon/jsiexecutor"
  React-jsinspector:
    :path: "../node_modules/react-native-macos/ReactCommon/jsinspector"
  React-logger:
    :path: "../node_modules/react-native-macos/ReactCommon/logger"
  react-native-webview:
    :path: "../node_modules/react-native-webview"
  React-perflogger:
    :path: "../node_modules/react-native-macos/ReactCommon/reactperflogger"
  React-RCTActionSheet:
    :path: "../node_modules/react-native-macos/Libraries/ActionSheetIOS"
  React-RCTAnimation:
    :path: "../node_modules/react-native-macos/Libraries/NativeAnimation"
  React-RCTAppDelegate:
    :path: "../node_modules/react-native-macos/Libraries/AppDelegate"
  React-RCTBlob:
    :path: "../node_modules/react-native-macos/Libraries/Blob"
  React-RCTImage:
    :path: "../node_modules/react-native-macos/Libraries/Image"
  React-RCTLinking:
    :path: "../node_modules/react-native-macos/Libraries/LinkingIOS"
  React-RCTNetwork:
    :path: "../node_modules/react-native-macos/Libraries/Network"
  React-RCTSettings:
    :path: "../node_modules/react-native-macos/Libraries/Settings"
  React-RCTText:
    :path: "../node_modules/react-native-macos/Libraries/Text"
  React-RCTVibration:
    :path: "../node_modules/react-native-macos/Libraries/Vibration"
  React-runtimeexecutor:
    :path: "../node_modules/react-native-macos/ReactCommon/runtimeexecutor"
  ReactCommon:
    :path: "../node_modules/react-native-macos/ReactCommon"
  Yoga:
    :path: "../node_modules/react-native-macos/ReactCommon/yoga"

SPEC CHECKSUMS:
  boost: 1224297ca5fa9d35c9be70b37e2d052cd9c46e88
  DoubleConversion: acaf5db79676d2e9119015819153f0f99191de12
  FBLazyVector: 11dbe731a3eb8fbf876856737aac8062ecca2469
  FBReactNativeSpec: 7c35022c39f6813d5580d9d4131868e3ac0e124f
  fmt: ff9d55029c625d3757ed641535fd4a75fedc7ce9
  glog: 6df0a3d6e2750a50609471fd1a01fd2948d405b5
  RCT-Folly: 70c72dfffe50056ac2cb081e8514d695adff1bd3
  RCTRequired: d8d886e9567a0645c30dc9445fbaa6350ce87dbd
  RCTTypeSafety: 4f27d82201c8cf7f50b8d607a0dcd8a50d103078
  React: 1a065bc58c2f1e2d3f91c802ebb7d04647194821
  React-callinvoker: d27af50f764a851a941aea473a28e548da45b2f3
  React-Codegen: fa3861b6248476860a7ee3c84fcacf23eb924d13
  React-Core: 5b9a63ff0f1f34109503077dc420f5241fbf3dd0
  React-CoreModules: 4212b1058c7be042ad2568fc244b3317d03b5231
  React-cxxreact: cdc1b4aa4eee08ed90c1a2e3afe223016e3c5f1f
  React-jsc: fea51784b8a9abd4b69a854b9a1aa8f0fedeb7e4
  React-jsi: 37d5865d31df9e23cadb044628ed3ad7cefbe0cc
  React-jsiexecutor: 22b3f4b09952d76cf53b4a394fbe18f06e97c04d
  React-jsinspector: 72113796e81aaaba84bf134fc7c7d4448bbc126b
  React-logger: add518e15f77d3d24511c03a019c3b133b64ec6e
  react-native-webview: ec195db71ebf55705d7b46a7da5f1b1746bb7efd
  React-perflogger: 6726c9c17885b6923fdc1cf611ec5110ff78601a
  React-RCTActionSheet: 04ad7cc2ba309e1f03db2d428b4c265ec2e51fdc
  React-RCTAnimation: c6256bff6ca535889c560d5cf4a3e1dcbe36703c
  React-RCTAppDelegate: 9b199d078412019f838f189d4dde44a6405bc646
  React-RCTBlob: 1f94cf4d3f1356c9f0cf80cdb86aa110abfb9111
  React-RCTImage: 88eb8ddec7637af0bf080086745d0b7b9e1395f7
  React-RCTLinking: e9a76be4527314bdb7630ca3d2a2e79be98c75a4
  React-RCTNetwork: a7467a041c68d19d5fb77f2d52761f5424738180
  React-RCTSettings: 9dcaacf5e0fdc4aec3fa38eb06cbf59b9098fd87
  React-RCTText: 0283a45f49c8525e64930d67be9a3289e69867b4
  React-RCTVibration: d7d88c57b07ae1f2a9943a5a9d1cdd0ad8ce6401
  React-runtimeexecutor: cdb731a5850727c4d381156c0787c7a4faf8ee63
  ReactCommon: 4cb54e6d4a70cfabdd579cb205004506f8917cce
  SocketRocket: fccef3f9c5cedea1353a9ef6ada904fde10d6608
  Yoga: 513afd6e936afaa9c10ecf10156c5f4a162e7878

PODFILE CHECKSUM: 6e919261a5835c18e3f55cea5956cba9ad82c125

COCOAPODS: 1.16.2
